<?xml version="1.0" encoding="utf-8"?>
<Project ToolsVersion="4.0" xmlns="http://schemas.microsoft.com/developer/msbuild/2003">
  <ItemGroup>
    <Filter Include="Source Files">
      <UniqueIdentifier>{4FC737F1-C7A5-4376-A066-2A32D752A2FF}</UniqueIdentifier>
      <Extensions>cpp;c;cc;cxx;def;odl;idl;hpj;bat;asm;asmx</Extensions>
    </Filter>
    <Filter Include="Header Files">
      <UniqueIdentifier>{93995380-89BD-4b04-88EB-625FBE52EBFB}</UniqueIdentifier>
      <Extensions>h;hh;hpp;hxx;hm;inl;inc;xsd</Extensions>
    </Filter>
    <Filter Include="Resource Files">
      <UniqueIdentifier>{67DA6AB6-F800-4c08-8B7A-83BB121AAD01}</UniqueIdentifier>
      <Extensions>rc;ico;cur;bmp;dlg;rc2;rct;bin;rgs;gif;jpg;jpeg;jpe;resx;tiff;tif;png;wav;mfcribbon-ms</Extensions>
    </Filter>
    <Filter Include="MyControl">
      <UniqueIdentifier>{0c008271-f37d-45da-9fa9-e34e9aa89a75}</UniqueIdentifier>
    </Filter>
    <Filter Include="MyDialog">
      <UniqueIdentifier>{c4af0881-8d4c-4e28-be5f-b03807ba79db}</UniqueIdentifier>
    </Filter>
  </ItemGroup>
  <ItemGroup>
    <Text Include="ReadMe.txt" />
  </ItemGroup>
  <ItemGroup>
    <ClInclude Include="StringCopyFactory.h">
      <Filter>Header Files</Filter>
    </ClInclude>
    <ClInclude Include="StringCopyFactoryDlg.h">
      <Filter>Header Files</Filter>
    </ClInclude>
    <ClInclude Include="stdafx.h">
      <Filter>Header Files</Filter>
    </ClInclude>
    <ClInclude Include="targetver.h">
      <Filter>Header Files</Filter>
    </ClInclude>
    <ClInclude Include="Resource.h">
      <Filter>Header Files</Filter>
    </ClInclude>
    <ClInclude Include="MyFmtSplitBtn.h">
      <Filter>MyControl</Filter>
    </ClInclude>
    <ClInclude Include="CustomFloatDlg.h">
      <Filter>MyDialog</Filter>
    </ClInclude>
    <ClInclude Include="CustomIntDlg.h">
      <Filter>MyDialog</Filter>
    </ClInclude>
  </ItemGroup>
  <ItemGroup>
    <ClCompile Include="StringCopyFactory.cpp">
      <Filter>Source Files</Filter>
    </ClCompile>
    <ClCompile Include="StringCopyFactoryDlg.cpp">
      <Filter>Source Files</Filter>
    </ClCompile>
    <ClCompile Include="stdafx.cpp">
      <Filter>Source Files</Filter>
    </ClCompile>
    <ClCompile Include="MyFmtSplitBtn.cpp">
      <Filter>MyControl</Filter>
    </ClCompile>
    <ClCompile Include="CustomFloatDlg.cpp">
      <Filter>MyDialog</Filter>
    </ClCompile>
    <ClCompile Include="CustomIntDlg.cpp">
      <Filter>MyDialog</Filter>
    </ClCompile>
  </ItemGroup>
  <ItemGroup>
    <ResourceCompile Include="StringCopyFactory.rc">
      <Filter>Resource Files</Filter>
    </ResourceCompile>
  </ItemGroup>
  <ItemGroup>
    <None Include="res\StringCopyFactory.rc2">
      <Filter>Resource Files</Filter>
    </None>
  </ItemGroup>
  <ItemGroup>
    <Image Include="res\StringCopyFactory.ico">
      <Filter>Resource Files</Filter>
    </Image>
  </ItemGroup>
</Project>